
Microsoft Visual Studio Solution File, Format Version 12.00
# Visual Studio Version 17
VisualStudioVersion = 17.5.002.0
MinimumVisualStudioVersion = 10.0.40219.1
Project("{9A19103F-16F7-4668-BE54-9A1E7A4F7556}") = "HelloDocker", "HelloDocker\HelloDocker.csproj", "{A52F1647-5B5B-440F-8E53-FB68C4DCD5EF}"
EndProject
Global
	GlobalSection(SolutionConfigurationPlatforms) = preSolution
		Debug|Any CPU = Debug|Any CPU
		Release|Any CPU = Release|Any CPU
	EndGlobalSection
	GlobalSection(ProjectConfigurationPlatforms) = postSolution
		{A52F1647-5B5B-440F-8E53-FB68C4DCD5EF}.Debug|Any CPU.ActiveCfg = Debug|Any CPU
		{A52F1647-5B5B-440F-8E53-FB68C4DCD5EF}.Debug|Any CPU.Build.0 = Debug|Any CPU
		{A52F1647-5B5B-440F-8E53-FB68C4DCD5EF}.Release|Any CPU.ActiveCfg = Release|Any CPU
		{A52F1647-5B5B-440F-8E53-FB68C4DCD5EF}.Release|Any CPU.Build.0 = Release|Any CPU
	EndGlobalSection
	GlobalSection(SolutionProperties) = preSolution
		HideSolutionNode = FALSE
	EndGlobalSection
	GlobalSection(ExtensibilityGlobals) = postSolution
		SolutionGuid = {3113F8A6-AF38-4AD2-BA7B-1CBCB8810E34}
	EndGlobalSection
EndGlobal
